
Microsoft Visual Studio Solution File, Format Version 12.00
# Visual Studio Version 16
VisualStudioVersion = 16.0.29306.81
MinimumVisualStudioVersion = 10.0.40219.1
Project("{FAE04EC0-301F-11D3-BF4B-00C04F79EFBC}") = "TicketService", "TicketService\TicketService.csproj", "{AC013497-5359-41F7-B491-0D29BCFD223D}"
EndProject
Global
	GlobalSection(SolutionConfigurationPlatforms) = preSolution
		Debug|Any CPU = Debug|Any CPU
		Release|Any CPU = Release|Any CPU
	EndGlobalSection
	GlobalSection(ProjectConfigurationPlatforms) = postSolution
		{AC013497-5359-41F7-B491-0D29BCFD223D}.Debug|Any CPU.ActiveCfg = Debug|Any CPU
		{AC013497-5359-41F7-B491-0D29BCFD223D}.Debug|Any CPU.Build.0 = Debug|Any CPU
		{AC013497-5359-41F7-B491-0D29BCFD223D}.Release|Any CPU.ActiveCfg = Release|Any CPU
		{AC013497-5359-41F7-B491-0D29BCFD223D}.Release|Any CPU.Build.0 = Release|Any CPU
	EndGlobalSection
	GlobalSection(SolutionProperties) = preSolution
		HideSolutionNode = FALSE
	EndGlobalSection
	GlobalSection(ExtensibilityGlobals) = postSolution
		SolutionGuid = {5C781894-E3DD-492A-8185-0F4A38B437A0}
	EndGlobalSection
EndGlobal
